
Microsoft Visual Studio Solution File, Format Version 12.00
# Visual Studio Version 16
VisualStudioVersion = 16.0.29001.49
MinimumVisualStudioVersion = 10.0.40219.1
Project("{8BC9CEB8-8B4A-11D0-8D11-00A0C91BC942}") = "linear_allocator", "linear_allocator\linear_allocator.vcxproj", "{B7A0ED0F-E174-4479-8091-ABA58211D05E}"
EndProject
Project("{8BC9CEB8-8B4A-11D0-8D11-00A0C91BC942}") = "stack_allocator", "stack_allocator\stack_allocator.vcxproj", "{C299071B-8915-44DF-BA3A-DFCD9B62300C}"
EndProject
Project("{8BC9CEB8-8B4A-11D0-8D11-00A0C91BC942}") = "pool_allocator", "pool_allocator\pool_allocator.vcxproj", "{B2509A58-16ED-4F3D-A75E-CA139B9AD99C}"
EndProject
Project("{8BC9CEB8-8B4A-11D0-8D11-00A0C91BC942}") = "linear_allocator_tests", "linear_allocator_tests\linear_allocator_tests.vcxproj", "{0D34620F-2C4F-4675-B3AA-52E1F28EFC6F}"
EndProject
Project("{8BC9CEB8-8B4A-11D0-8D11-00A0C91BC942}") = "stack_allocator_tests", "stack_allocator_tests\stack_allocator_tests.vcxproj", "{24CF0BD6-825B-4B13-B177-8C98DC0B159A}"
EndProject
Project("{8BC9CEB8-8B4A-11D0-8D11-00A0C91BC942}") = "pool_allocator_tests", "pool_allocator_tests\pool_allocator_tests.vcxproj", "{CD4168B4-8B50-4D84-914F-AB5B133EB490}"
EndProject
Global
	GlobalSection(SolutionConfigurationPlatforms) = preSolution
		Debug|x64 = Debug|x64
		Debug|x86 = Debug|x86
		Release|x64 = Release|x64
		Release|x86 = Release|x86
	EndGlobalSection
	GlobalSection(ProjectConfigurationPlatforms) = postSolution
		{B7A0ED0F-E174-4479-8091-ABA58211D05E}.Debug|x64.ActiveCfg = Debug|x64
		{B7A0ED0F-E174-4479-8091-ABA58211D05E}.Debug|x64.Build.0 = Debug|x64
		{B7A0ED0F-E174-4479-8091-ABA58211D05E}.Debug|x86.ActiveCfg = Debug|Win32
		{B7A0ED0F-E174-4479-8091-ABA58211D05E}.Debug|x86.Build.0 = Debug|Win32
		{B7A0ED0F-E174-4479-8091-ABA58211D05E}.Release|x64.ActiveCfg = Release|x64
		{B7A0ED0F-E174-4479-8091-ABA58211D05E}.Release|x64.Build.0 = Release|x64
		{B7A0ED0F-E174-4479-8091-ABA58211D05E}.Release|x86.ActiveCfg = Release|Win32
		{B7A0ED0F-E174-4479-8091-ABA58211D05E}.Release|x86.Build.0 = Release|Win32
		{C299071B-8915-44DF-BA3A-DFCD9B62300C}.Debug|x64.ActiveCfg = Debug|x64
		{C299071B-8915-44DF-BA3A-DFCD9B62300C}.Debug|x64.Build.0 = Debug|x64
		{C299071B-8915-44DF-BA3A-DFCD9B62300C}.Debug|x86.ActiveCfg = Debug|Win32
		{C299071B-8915-44DF-BA3A-DFCD9B62300C}.Debug|x86.Build.0 = Debug|Win32
		{C299071B-8915-44DF-BA3A-DFCD9B62300C}.Release|x64.ActiveCfg = Release|x64
		{C299071B-8915-44DF-BA3A-DFCD9B62300C}.Release|x64.Build.0 = Release|x64
		{C299071B-8915-44DF-BA3A-DFCD9B62300C}.Release|x86.ActiveCfg = Release|Win32
		{C299071B-8915-44DF-BA3A-DFCD9B62300C}.Release|x86.Build.0 = Release|Win32
		{B2509A58-16ED-4F3D-A75E-CA139B9AD99C}.Debug|x64.ActiveCfg = Debug|x64
		{B2509A58-16ED-4F3D-A75E-CA139B9AD99C}.Debug|x64.Build.0 = Debug|x64
		{B2509A58-16ED-4F3D-A75E-CA139B9AD99C}.Debug|x86.ActiveCfg = Debug|Win32
		{B2509A58-16ED-4F3D-A75E-CA139B9AD99C}.Debug|x86.Build.0 = Debug|Win32
		{B2509A58-16ED-4F3D-A75E-CA139B9AD99C}.Release|x64.ActiveCfg = Release|x64
		{B2509A58-16ED-4F3D-A75E-CA139B9AD99C}.Release|x64.Build.0 = Release|x64
		{B2509A58-16ED-4F3D-A75E-CA139B9AD99C}.Release|x86.ActiveCfg = Release|Win32
		{B2509A58-16ED-4F3D-A75E-CA139B9AD99C}.Release|x86.Build.0 = Release|Win32
		{0D34620F-2C4F-4675-B3AA-52E1F28EFC6F}.Debug|x64.ActiveCfg = Debug|x64
		{0D34620F-2C4F-4675-B3AA-52E1F28EFC6F}.Debug|x64.Build.0 = Debug|x64
		{0D34620F-2C4F-4675-B3AA-52E1F28EFC6F}.Debug|x86.ActiveCfg = Debug|Win32
		{0D34620F-2C4F-4675-B3AA-52E1F28EFC6F}.Debug|x86.Build.0 = Debug|Win32
		{0D34620F-2C4F-4675-B3AA-52E1F28EFC6F}.Release|x64.ActiveCfg = Release|x64
		{0D34620F-2C4F-4675-B3AA-52E1F28EFC6F}.Release|x64.Build.0 = Release|x64
		{0D34620F-2C4F-4675-B3AA-52E1F28EFC6F}.Release|x86.ActiveCfg = Release|Win32
		{0D34620F-2C4F-4675-B3AA-52E1F28EFC6F}.Release|x86.Build.0 = Release|Win32
		{24CF0BD6-825B-4B13-B177-8C98DC0B159A}.Debug|x64.ActiveCfg = Debug|x64
		{24CF0BD6-825B-4B13-B177-8C98DC0B159A}.Debug|x64.Build.0 = Debug|x64
		{24CF0BD6-825B-4B13-B177-8C98DC0B159A}.Debug|x86.ActiveCfg = Debug|Win32
		{24CF0BD6-825B-4B13-B177-8C98DC0B159A}.Debug|x86.Build.0 = Debug|Win32
		{24CF0BD6-825B-4B13-B177-8C98DC0B159A}.Release|x64.ActiveCfg = Release|x64
		{24CF0BD6-825B-4B13-B177-8C98DC0B159A}.Release|x64.Build.0 = Release|x64
		{24CF0BD6-825B-4B13-B177-8C98DC0B159A}.Release|x86.ActiveCfg = Release|Win32
		{24CF0BD6-825B-4B13-B177-8C98DC0B159A}.Release|x86.Build.0 = Release|Win32
		{CD4168B4-8B50-4D84-914F-AB5B133EB490}.Debug|x64.ActiveCfg = Debug|x64
		{CD4168B4-8B50-4D84-914F-AB5B133EB490}.Debug|x64.Build.0 = Debug|x64
		{CD4168B4-8B50-4D84-914F-AB5B133EB490}.Debug|x86.ActiveCfg = Debug|Win32
		{CD4168B4-8B50-4D84-914F-AB5B133EB490}.Debug|x86.Build.0 = Debug|Win32
		{CD4168B4-8B50-4D84-914F-AB5B133EB490}.Release|x64.ActiveCfg = Release|x64
		{CD4168B4-8B50-4D84-914F-AB5B133EB490}.Release|x64.Build.0 = Release|x64
		{CD4168B4-8B50-4D84-914F-AB5B133EB490}.Release|x86.ActiveCfg = Release|Win32
		{CD4168B4-8B50-4D84-914F-AB5B133EB490}.Release|x86.Build.0 = Release|Win32
	EndGlobalSection
	GlobalSection(SolutionProperties) = preSolution
		HideSolutionNode = FALSE
	EndGlobalSection
	GlobalSection(ExtensibilityGlobals) = postSolution
		SolutionGuid = {47DC51CC-C1B5-433D-8AE6-E0B0342D129F}
	EndGlobalSection
EndGlobal
